
Microsoft Visual Studio Solution File, Format Version 12.00
# Visual Studio Version 17
VisualStudioVersion = 17.7.34221.43
MinimumVisualStudioVersion = 10.0.40219.1
Project("{9A19103F-16F7-4668-BE54-9A1E7A4F7556}") = "CashCrafter.Api", "CashCrafter\CashCrafter.Api.csproj", "{CE1B5952-B713-40C5-9F0B-677B8C904676}"
EndProject
Project("{2150E333-8FDC-42A3-9474-1A3956D46DE8}") = "API", "API", "{21293188-EC9D-428A-8148-D67077412092}"
EndProject
Project("{2150E333-8FDC-42A3-9474-1A3956D46DE8}") = "Common", "Common", "{AF3942B6-3A39-44C4-8DC8-13A290D6BF12}"
EndProject
Project("{2150E333-8FDC-42A3-9474-1A3956D46DE8}") = "Busiines", "Busiines", "{461DE309-1488-427D-B372-FE6835E387A8}"
EndProject
Project("{2150E333-8FDC-42A3-9474-1A3956D46DE8}") = "Infraestructure", "Infraestructure", "{4419C878-482A-481D-9A1F-B736F05D075F}"
EndProject
Project("{FAE04EC0-301F-11D3-BF4B-00C04F79EFBC}") = "DTO", "DTO\DTO.csproj", "{E4A443D7-0AD6-4F26-BCD0-B7A9D48A70A2}"
EndProject
Project("{FAE04EC0-301F-11D3-BF4B-00C04F79EFBC}") = "Service", "Service\Service.csproj", "{7CCC884B-AEC2-473F-8535-DCF23328D6CB}"
EndProject
Project("{FAE04EC0-301F-11D3-BF4B-00C04F79EFBC}") = "Model", "Model\Model.csproj", "{5609E8E4-6657-449F-BD10-B369DF9B36AC}"
EndProject
Project("{FAE04EC0-301F-11D3-BF4B-00C04F79EFBC}") = "Repository", "Repository\Repository.csproj", "{1220F777-CFCC-44F3-97AE-872E66FA9AA5}"
EndProject
Project("{FAE04EC0-301F-11D3-BF4B-00C04F79EFBC}") = "Configurations", "Configurations\Configurations.csproj", "{8ECE3670-D92C-44EE-9437-A28C2D9CA055}"
EndProject
Global
	GlobalSection(SolutionConfigurationPlatforms) = preSolution
		Debug|Any CPU = Debug|Any CPU
		Release|Any CPU = Release|Any CPU
	EndGlobalSection
	GlobalSection(ProjectConfigurationPlatforms) = postSolution
		{CE1B5952-B713-40C5-9F0B-677B8C904676}.Debug|Any CPU.ActiveCfg = Debug|Any CPU
		{CE1B5952-B713-40C5-9F0B-677B8C904676}.Debug|Any CPU.Build.0 = Debug|Any CPU
		{CE1B5952-B713-40C5-9F0B-677B8C904676}.Release|Any CPU.ActiveCfg = Release|Any CPU
		{CE1B5952-B713-40C5-9F0B-677B8C904676}.Release|Any CPU.Build.0 = Release|Any CPU
		{E4A443D7-0AD6-4F26-BCD0-B7A9D48A70A2}.Debug|Any CPU.ActiveCfg = Debug|Any CPU
		{E4A443D7-0AD6-4F26-BCD0-B7A9D48A70A2}.Debug|Any CPU.Build.0 = Debug|Any CPU
		{E4A443D7-0AD6-4F26-BCD0-B7A9D48A70A2}.Release|Any CPU.ActiveCfg = Release|Any CPU
		{E4A443D7-0AD6-4F26-BCD0-B7A9D48A70A2}.Release|Any CPU.Build.0 = Release|Any CPU
		{7CCC884B-AEC2-473F-8535-DCF23328D6CB}.Debug|Any CPU.ActiveCfg = Debug|Any CPU
		{7CCC884B-AEC2-473F-8535-DCF23328D6CB}.Debug|Any CPU.Build.0 = Debug|Any CPU
		{7CCC884B-AEC2-473F-8535-DCF23328D6CB}.Release|Any CPU.ActiveCfg = Release|Any CPU
		{7CCC884B-AEC2-473F-8535-DCF23328D6CB}.Release|Any CPU.Build.0 = Release|Any CPU
		{5609E8E4-6657-449F-BD10-B369DF9B36AC}.Debug|Any CPU.ActiveCfg = Debug|Any CPU
		{5609E8E4-6657-449F-BD10-B369DF9B36AC}.Debug|Any CPU.Build.0 = Debug|Any CPU
		{5609E8E4-6657-449F-BD10-B369DF9B36AC}.Release|Any CPU.ActiveCfg = Release|Any CPU
		{5609E8E4-6657-449F-BD10-B369DF9B36AC}.Release|Any CPU.Build.0 = Release|Any CPU
		{1220F777-CFCC-44F3-97AE-872E66FA9AA5}.Debug|Any CPU.ActiveCfg = Debug|Any CPU
		{1220F777-CFCC-44F3-97AE-872E66FA9AA5}.Debug|Any CPU.Build.0 = Debug|Any CPU
		{1220F777-CFCC-44F3-97AE-872E66FA9AA5}.Release|Any CPU.ActiveCfg = Release|Any CPU
		{1220F777-CFCC-44F3-97AE-872E66FA9AA5}.Release|Any CPU.Build.0 = Release|Any CPU
		{8ECE3670-D92C-44EE-9437-A28C2D9CA055}.Debug|Any CPU.ActiveCfg = Debug|Any CPU
		{8ECE3670-D92C-44EE-9437-A28C2D9CA055}.Debug|Any CPU.Build.0 = Debug|Any CPU
		{8ECE3670-D92C-44EE-9437-A28C2D9CA055}.Release|Any CPU.ActiveCfg = Release|Any CPU
		{8ECE3670-D92C-44EE-9437-A28C2D9CA055}.Release|Any CPU.Build.0 = Release|Any CPU
	EndGlobalSection
	GlobalSection(SolutionProperties) = preSolution
		HideSolutionNode = FALSE
	EndGlobalSection
	GlobalSection(NestedProjects) = preSolution
		{CE1B5952-B713-40C5-9F0B-677B8C904676} = {21293188-EC9D-428A-8148-D67077412092}
		{E4A443D7-0AD6-4F26-BCD0-B7A9D48A70A2} = {461DE309-1488-427D-B372-FE6835E387A8}
		{7CCC884B-AEC2-473F-8535-DCF23328D6CB} = {461DE309-1488-427D-B372-FE6835E387A8}
		{5609E8E4-6657-449F-BD10-B369DF9B36AC} = {4419C878-482A-481D-9A1F-B736F05D075F}
		{1220F777-CFCC-44F3-97AE-872E66FA9AA5} = {4419C878-482A-481D-9A1F-B736F05D075F}
	EndGlobalSection
	GlobalSection(ExtensibilityGlobals) = postSolution
		SolutionGuid = {97B62575-B988-4567-BD8A-4ACBF8F7E366}
	EndGlobalSection
EndGlobal
